
Microsoft Visual Studio Solution File, Format Version 12.00
# Visual Studio Version 16
VisualStudioVersion = 16.0.32929.386
MinimumVisualStudioVersion = 10.0.40219.1
Project("{FAE04EC0-301F-11D3-BF4B-00C04F79EFBC}") = "Civil engineering tool", "Civil engineering tool\Civil engineering tool.csproj", "{97997B43-FD6A-4896-ADB7-B42F7421983F}"
EndProject
Global
	GlobalSection(SolutionConfigurationPlatforms) = preSolution
		Debug|Any CPU = Debug|Any CPU
		Release|Any CPU = Release|Any CPU
	EndGlobalSection
	GlobalSection(ProjectConfigurationPlatforms) = postSolution
		{97997B43-FD6A-4896-ADB7-B42F7421983F}.Debug|Any CPU.ActiveCfg = Debug|Any CPU
		{97997B43-FD6A-4896-ADB7-B42F7421983F}.Debug|Any CPU.Build.0 = Debug|Any CPU
		{97997B43-FD6A-4896-ADB7-B42F7421983F}.Release|Any CPU.ActiveCfg = Release|Any CPU
		{97997B43-FD6A-4896-ADB7-B42F7421983F}.Release|Any CPU.Build.0 = Release|Any CPU
	EndGlobalSection
	GlobalSection(SolutionProperties) = preSolution
		HideSolutionNode = FALSE
	EndGlobalSection
	GlobalSection(ExtensibilityGlobals) = postSolution
		SolutionGuid = {2826A3E5-F478-4AA9-AB8E-354298445BAD}
	EndGlobalSection
EndGlobal
